
Microsoft Visual Studio Solution File, Format Version 12.00
# Visual Studio Version 17
VisualStudioVersion = 17.3.32901.215
MinimumVisualStudioVersion = 10.0.40219.1
Project("{8BC9CEB8-8B4A-11D0-8D11-00A0C91BC942}") = "KoreaC", "KoreaC\KoreaC.vcxproj", "{16007393-5E72-4A44-A598-37B3BAF5E7CD}"
EndProject
Project("{8BC9CEB8-8B4A-11D0-8D11-00A0C91BC942}") = "koreaC1", "koreaC1\koreaC1.vcxproj", "{5C8C80EA-5DBF-4021-9E7D-815BBE3A5DFF}"
EndProject
Project("{8BC9CEB8-8B4A-11D0-8D11-00A0C91BC942}") = "KoreaC201001", "KoreaC201001\KoreaC201001.vcxproj", "{FB4215F6-14EA-4C03-97F3-E6E0797349A5}"
EndProject
Project("{8BC9CEB8-8B4A-11D0-8D11-00A0C91BC942}") = "koreaC22102", "koreaC221002\koreaC221002.vcxproj", "{10934AA8-4A1E-4F27-AD0B-49B67F4756C2}"
EndProject
Project("{8BC9CEB8-8B4A-11D0-8D11-00A0C91BC942}") = "Piano", "Piano\Piano.vcxproj", "{FEE06AE9-701D-477D-BC99-B6CCF3AF5604}"
EndProject
Project("{8BC9CEB8-8B4A-11D0-8D11-00A0C91BC942}") = "kores.C1015", "kores.C1015\kores.C1015.vcxproj", "{71BABB7F-43A4-49D0-8ADF-0754D21C79F4}"
EndProject
Global
	GlobalSection(SolutionConfigurationPlatforms) = preSolution
		Debug|x64 = Debug|x64
		Debug|x86 = Debug|x86
		Release|x64 = Release|x64
		Release|x86 = Release|x86
	EndGlobalSection
	GlobalSection(ProjectConfigurationPlatforms) = postSolution
		{16007393-5E72-4A44-A598-37B3BAF5E7CD}.Debug|x64.ActiveCfg = Debug|x64
		{16007393-5E72-4A44-A598-37B3BAF5E7CD}.Debug|x64.Build.0 = Debug|x64
		{16007393-5E72-4A44-A598-37B3BAF5E7CD}.Debug|x86.ActiveCfg = Debug|Win32
		{16007393-5E72-4A44-A598-37B3BAF5E7CD}.Debug|x86.Build.0 = Debug|Win32
		{16007393-5E72-4A44-A598-37B3BAF5E7CD}.Release|x64.ActiveCfg = Release|x64
		{16007393-5E72-4A44-A598-37B3BAF5E7CD}.Release|x64.Build.0 = Release|x64
		{16007393-5E72-4A44-A598-37B3BAF5E7CD}.Release|x86.ActiveCfg = Release|Win32
		{16007393-5E72-4A44-A598-37B3BAF5E7CD}.Release|x86.Build.0 = Release|Win32
		{5C8C80EA-5DBF-4021-9E7D-815BBE3A5DFF}.Debug|x64.ActiveCfg = Debug|x64
		{5C8C80EA-5DBF-4021-9E7D-815BBE3A5DFF}.Debug|x64.Build.0 = Debug|x64
		{5C8C80EA-5DBF-4021-9E7D-815BBE3A5DFF}.Debug|x86.ActiveCfg = Debug|Win32
		{5C8C80EA-5DBF-4021-9E7D-815BBE3A5DFF}.Debug|x86.Build.0 = Debug|Win32
		{5C8C80EA-5DBF-4021-9E7D-815BBE3A5DFF}.Release|x64.ActiveCfg = Release|x64
		{5C8C80EA-5DBF-4021-9E7D-815BBE3A5DFF}.Release|x64.Build.0 = Release|x64
		{5C8C80EA-5DBF-4021-9E7D-815BBE3A5DFF}.Release|x86.ActiveCfg = Release|Win32
		{5C8C80EA-5DBF-4021-9E7D-815BBE3A5DFF}.Release|x86.Build.0 = Release|Win32
		{FB4215F6-14EA-4C03-97F3-E6E0797349A5}.Debug|x64.ActiveCfg = Debug|x64
		{FB4215F6-14EA-4C03-97F3-E6E0797349A5}.Debug|x64.Build.0 = Debug|x64
		{FB4215F6-14EA-4C03-97F3-E6E0797349A5}.Debug|x86.ActiveCfg = Debug|Win32
		{FB4215F6-14EA-4C03-97F3-E6E0797349A5}.Debug|x86.Build.0 = Debug|Win32
		{FB4215F6-14EA-4C03-97F3-E6E0797349A5}.Release|x64.ActiveCfg = Release|x64
		{FB4215F6-14EA-4C03-97F3-E6E0797349A5}.Release|x64.Build.0 = Release|x64
		{FB4215F6-14EA-4C03-97F3-E6E0797349A5}.Release|x86.ActiveCfg = Release|Win32
		{FB4215F6-14EA-4C03-97F3-E6E0797349A5}.Release|x86.Build.0 = Release|Win32
		{10934AA8-4A1E-4F27-AD0B-49B67F4756C2}.Debug|x64.ActiveCfg = Debug|x64
		{10934AA8-4A1E-4F27-AD0B-49B67F4756C2}.Debug|x64.Build.0 = Debug|x64
		{10934AA8-4A1E-4F27-AD0B-49B67F4756C2}.Debug|x86.ActiveCfg = Debug|Win32
		{10934AA8-4A1E-4F27-AD0B-49B67F4756C2}.Debug|x86.Build.0 = Debug|Win32
		{10934AA8-4A1E-4F27-AD0B-49B67F4756C2}.Release|x64.ActiveCfg = Release|x64
		{10934AA8-4A1E-4F27-AD0B-49B67F4756C2}.Release|x64.Build.0 = Release|x64
		{10934AA8-4A1E-4F27-AD0B-49B67F4756C2}.Release|x86.ActiveCfg = Release|Win32
		{10934AA8-4A1E-4F27-AD0B-49B67F4756C2}.Release|x86.Build.0 = Release|Win32
		{FEE06AE9-701D-477D-BC99-B6CCF3AF5604}.Debug|x64.ActiveCfg = Debug|x64
		{FEE06AE9-701D-477D-BC99-B6CCF3AF5604}.Debug|x64.Build.0 = Debug|x64
		{FEE06AE9-701D-477D-BC99-B6CCF3AF5604}.Debug|x86.ActiveCfg = Debug|Win32
		{FEE06AE9-701D-477D-BC99-B6CCF3AF5604}.Debug|x86.Build.0 = Debug|Win32
		{FEE06AE9-701D-477D-BC99-B6CCF3AF5604}.Release|x64.ActiveCfg = Release|x64
		{FEE06AE9-701D-477D-BC99-B6CCF3AF5604}.Release|x64.Build.0 = Release|x64
		{FEE06AE9-701D-477D-BC99-B6CCF3AF5604}.Release|x86.ActiveCfg = Release|Win32
		{FEE06AE9-701D-477D-BC99-B6CCF3AF5604}.Release|x86.Build.0 = Release|Win32
		{71BABB7F-43A4-49D0-8ADF-0754D21C79F4}.Debug|x64.ActiveCfg = Debug|x64
		{71BABB7F-43A4-49D0-8ADF-0754D21C79F4}.Debug|x64.Build.0 = Debug|x64
		{71BABB7F-43A4-49D0-8ADF-0754D21C79F4}.Debug|x86.ActiveCfg = Debug|Win32
		{71BABB7F-43A4-49D0-8ADF-0754D21C79F4}.Debug|x86.Build.0 = Debug|Win32
		{71BABB7F-43A4-49D0-8ADF-0754D21C79F4}.Release|x64.ActiveCfg = Release|x64
		{71BABB7F-43A4-49D0-8ADF-0754D21C79F4}.Release|x64.Build.0 = Release|x64
		{71BABB7F-43A4-49D0-8ADF-0754D21C79F4}.Release|x86.ActiveCfg = Release|Win32
		{71BABB7F-43A4-49D0-8ADF-0754D21C79F4}.Release|x86.Build.0 = Release|Win32
	EndGlobalSection
	GlobalSection(SolutionProperties) = preSolution
		HideSolutionNode = FALSE
	EndGlobalSection
	GlobalSection(ExtensibilityGlobals) = postSolution
		SolutionGuid = {EEB80BFC-BAD3-491D-9181-D522203227C1}
	EndGlobalSection
EndGlobal
